
Microsoft Visual Studio Solution File, Format Version 12.00
# Visual Studio Version 16
VisualStudioVersion = 16.0.30309.148
MinimumVisualStudioVersion = 10.0.40219.1
Project("{FAE04EC0-301F-11D3-BF4B-00C04F79EFBC}") = "FirstAuth", "FirstAuth\FirstAuth.csproj", "{87C6929F-D105-4CE3-969A-157825715FE6}"
EndProject
Global
	GlobalSection(SolutionConfigurationPlatforms) = preSolution
		Debug|Any CPU = Debug|Any CPU
		Release|Any CPU = Release|Any CPU
	EndGlobalSection
	GlobalSection(ProjectConfigurationPlatforms) = postSolution
		{87C6929F-D105-4CE3-969A-157825715FE6}.Debug|Any CPU.ActiveCfg = Debug|Any CPU
		{87C6929F-D105-4CE3-969A-157825715FE6}.Debug|Any CPU.Build.0 = Debug|Any CPU
		{87C6929F-D105-4CE3-969A-157825715FE6}.Release|Any CPU.ActiveCfg = Release|Any CPU
		{87C6929F-D105-4CE3-969A-157825715FE6}.Release|Any CPU.Build.0 = Release|Any CPU
	EndGlobalSection
	GlobalSection(SolutionProperties) = preSolution
		HideSolutionNode = FALSE
	EndGlobalSection
	GlobalSection(ExtensibilityGlobals) = postSolution
		SolutionGuid = {A1674361-146C-447D-A54A-D0CA1A441E7F}
	EndGlobalSection
EndGlobal
